
Microsoft Visual Studio Solution File, Format Version 12.00
# Visual Studio Version 17
VisualStudioVersion = 17.5.002.0
MinimumVisualStudioVersion = 10.0.40219.1
Project("{9A19103F-16F7-4668-BE54-9A1E7A4F7556}") = "ContosoPizzaAPI", "ContosoPizzaAPI.csproj", "{69329496-1C6C-4552-B6D5-F70356E160D0}"
EndProject
Global
	GlobalSection(SolutionConfigurationPlatforms) = preSolution
		Debug|Any CPU = Debug|Any CPU
		Release|Any CPU = Release|Any CPU
	EndGlobalSection
	GlobalSection(ProjectConfigurationPlatforms) = postSolution
		{69329496-1C6C-4552-B6D5-F70356E160D0}.Debug|Any CPU.ActiveCfg = Debug|Any CPU
		{69329496-1C6C-4552-B6D5-F70356E160D0}.Debug|Any CPU.Build.0 = Debug|Any CPU
		{69329496-1C6C-4552-B6D5-F70356E160D0}.Release|Any CPU.ActiveCfg = Release|Any CPU
		{69329496-1C6C-4552-B6D5-F70356E160D0}.Release|Any CPU.Build.0 = Release|Any CPU
	EndGlobalSection
	GlobalSection(SolutionProperties) = preSolution
		HideSolutionNode = FALSE
	EndGlobalSection
	GlobalSection(ExtensibilityGlobals) = postSolution
		SolutionGuid = {1ACCC838-7CAC-4496-A698-CDF23E6A9057}
	EndGlobalSection
EndGlobal
